# This file is automatically @generated by Cargo.
# It is not intended for manual editing.
version = 4

[[package]]
name = "cli"
version = "0.1.0"

[[package]]
name = "gguf"
version = "0.1.0"

[[package]]
name = "kv_cache"
version = "0.1.0"

[[package]]
name = "runtime"
version = "0.1.0"

[[package]]
name = "sampler"
version = "0.1.0"

[[package]]
name = "simd"
version = "0.1.0"

[[package]]
name = "tensor"
version = "0.1.0"

[[package]]
name = "tokenizer"
version = "0.1.0"

[[package]]
name = "transformer"
version = "0.1.0"
